# This file is generated by running "yarn install" inside your project.
# Manual changes might be lost - proceed with caution!

__metadata:
  version: 8
  cacheKey: 10c0

"@types/node@npm:^22.13.11":
  version: 22.13.11
  resolution: "@types/node@npm:22.13.11"
  dependencies:
    undici-types: "npm:~6.20.0"
  checksum: 10c0/f6ee33d36372242535c38640fe7550a6640d8a775ec19b55bfc11775b521cba072d892ca92a912332ce01b317293d645c1bf767f3f882ec719f2404a3d2a5b96
  languageName: node
  linkType: hard

"sandbox@workspace:.":
  version: 0.0.0-use.local
  resolution: "sandbox@workspace:."
  dependencies:
    "@types/node": "npm:^22.13.11"
  languageName: unknown
  linkType: soft

"undici-types@npm:~6.20.0":
  version: 6.20.0
  resolution: "undici-types@npm:6.20.0"
  checksum: 10c0/68e659a98898d6a836a9a59e6adf14a5d799707f5ea629433e025ac90d239f75e408e2e5ff086afc3cace26f8b26ee52155293564593fbb4a2f666af57fc59bf
  languageName: node
  linkType: hard
